
Microsoft Visual Studio Solution File, Format Version 12.00
# Visual Studio Version 16
VisualStudioVersion = 16.0.31112.23
MinimumVisualStudioVersion = 10.0.40219.1
Project("{8BC9CEB8-8B4A-11D0-8D11-00A0C91BC942}") = "Lab1", "Lab1\Lab1.vcxproj", "{90A66954-9FB4-4F00-81D9-92696E84B00B}"
EndProject
Global
	GlobalSection(SolutionConfigurationPlatforms) = preSolution
		Debug|x64 = Debug|x64
		Debug|x86 = Debug|x86
		Release|x64 = Release|x64
		Release|x86 = Release|x86
	EndGlobalSection
	GlobalSection(ProjectConfigurationPlatforms) = postSolution
		{90A66954-9FB4-4F00-81D9-92696E84B00B}.Debug|x64.ActiveCfg = Debug|x64
		{90A66954-9FB4-4F00-81D9-92696E84B00B}.Debug|x64.Build.0 = Debug|x64
		{90A66954-9FB4-4F00-81D9-92696E84B00B}.Debug|x86.ActiveCfg = Debug|Win32
		{90A66954-9FB4-4F00-81D9-92696E84B00B}.Debug|x86.Build.0 = Debug|Win32
		{90A66954-9FB4-4F00-81D9-92696E84B00B}.Release|x64.ActiveCfg = Release|x64
		{90A66954-9FB4-4F00-81D9-92696E84B00B}.Release|x64.Build.0 = Release|x64
		{90A66954-9FB4-4F00-81D9-92696E84B00B}.Release|x86.ActiveCfg = Release|Win32
		{90A66954-9FB4-4F00-81D9-92696E84B00B}.Release|x86.Build.0 = Release|Win32
	EndGlobalSection
	GlobalSection(SolutionProperties) = preSolution
		HideSolutionNode = FALSE
	EndGlobalSection
	GlobalSection(ExtensibilityGlobals) = postSolution
		SolutionGuid = {CB7AC811-8A8A-426A-842D-6F8077C8FE96}
	EndGlobalSection
EndGlobal
