
Microsoft Visual Studio Solution File, Format Version 12.00
# Visual Studio Version 16
VisualStudioVersion = 16.0.31112.23
MinimumVisualStudioVersion = 10.0.40219.1
Project("{8BC9CEB8-8B4A-11D0-8D11-00A0C91BC942}") = "Distinct Subsequences_Final", "Distinct Subsequences_Final\Distinct Subsequences_Final.vcxproj", "{D39E1CE5-1B4D-4321-B4F5-D7772510ED8B}"
EndProject
Global
	GlobalSection(SolutionConfigurationPlatforms) = preSolution
		Debug|x64 = Debug|x64
		Debug|x86 = Debug|x86
		Release|x64 = Release|x64
		Release|x86 = Release|x86
	EndGlobalSection
	GlobalSection(ProjectConfigurationPlatforms) = postSolution
		{D39E1CE5-1B4D-4321-B4F5-D7772510ED8B}.Debug|x64.ActiveCfg = Debug|x64
		{D39E1CE5-1B4D-4321-B4F5-D7772510ED8B}.Debug|x64.Build.0 = Debug|x64
		{D39E1CE5-1B4D-4321-B4F5-D7772510ED8B}.Debug|x86.ActiveCfg = Debug|Win32
		{D39E1CE5-1B4D-4321-B4F5-D7772510ED8B}.Debug|x86.Build.0 = Debug|Win32
		{D39E1CE5-1B4D-4321-B4F5-D7772510ED8B}.Release|x64.ActiveCfg = Release|x64
		{D39E1CE5-1B4D-4321-B4F5-D7772510ED8B}.Release|x64.Build.0 = Release|x64
		{D39E1CE5-1B4D-4321-B4F5-D7772510ED8B}.Release|x86.ActiveCfg = Release|Win32
		{D39E1CE5-1B4D-4321-B4F5-D7772510ED8B}.Release|x86.Build.0 = Release|Win32
	EndGlobalSection
	GlobalSection(SolutionProperties) = preSolution
		HideSolutionNode = FALSE
	EndGlobalSection
	GlobalSection(ExtensibilityGlobals) = postSolution
		SolutionGuid = {0557ECD2-2076-4EA8-9F78-5C3495D23635}
	EndGlobalSection
EndGlobal
